
Microsoft Visual Studio Solution File, Format Version 12.00
# Visual Studio Version 17
VisualStudioVersion = 17.3.32929.385
MinimumVisualStudioVersion = 10.0.40219.1
Project("{FAE04EC0-301F-11D3-BF4B-00C04F79EFBC}") = "CalculatorForMultiValues", "CalculatorForMultiValues\CalculatorForMultiValues.csproj", "{35A8852F-F3FF-4FDE-8056-425626A909E8}"
EndProject
Global
	GlobalSection(SolutionConfigurationPlatforms) = preSolution
		Debug|Any CPU = Debug|Any CPU
		Release|Any CPU = Release|Any CPU
	EndGlobalSection
	GlobalSection(ProjectConfigurationPlatforms) = postSolution
		{35A8852F-F3FF-4FDE-8056-425626A909E8}.Debug|Any CPU.ActiveCfg = Debug|Any CPU
		{35A8852F-F3FF-4FDE-8056-425626A909E8}.Debug|Any CPU.Build.0 = Debug|Any CPU
		{35A8852F-F3FF-4FDE-8056-425626A909E8}.Release|Any CPU.ActiveCfg = Release|Any CPU
		{35A8852F-F3FF-4FDE-8056-425626A909E8}.Release|Any CPU.Build.0 = Release|Any CPU
	EndGlobalSection
	GlobalSection(SolutionProperties) = preSolution
		HideSolutionNode = FALSE
	EndGlobalSection
	GlobalSection(ExtensibilityGlobals) = postSolution
		SolutionGuid = {7A6336B5-76CA-4CEE-B37D-2AB80445AFA0}
	EndGlobalSection
EndGlobal
